{
    "_meta": {
        "hash": {
            "sha256": "5e7ce16492590f62012dadc063ee29b472ec8c9040710be931c3a45bddd3d63d"
        },
        "pipfile-spec": 6,
        "requires": {
            "python_version": ">=3.10,<3.12"
        },
        "sources": [
            {
                "name": "pypi",
                "url": "https://pypi.org/simple",
                "verify_ssl": true
            }
        ]
    },
    "default": {},
    "develop": {}
}
